schema: '2.0'
stages:
  data_split:
    cmd: python data_split.py
    deps:
    - path: data/train.csv
      md5: cc009d6ebbcb866672a81ac3a2333e92
      size: 545645113
    - path: data_split.py
      md5: 34ce044d1974b153effcb8fdc2830770
      size: 444
    params:
      params.yaml:
        data_split.seed: 20170428
        data_split.test_size: 0.1
    outs:
    - path: data/test_split.csv
      md5: 31e7c68c36480fb334514a3276a66ab3
      size: 54566056
    - path: data/train_split.csv
      md5: 8f55c2ac6d879a962fe839dd4e8a0250
      size: 491081735
  normalize:
    cmd: python normalize.py
    deps:
    - path: data/train_split.csv
      md5: 8f55c2ac6d879a962fe839dd4e8a0250
      size: 491081735
    - path: normalize.py
      md5: b3cf8d0dc14d070ea8abb3317e058973
      size: 511
    outs:
    - path: artifacts/scaler.joblib
      md5: 0d6bb4f01a11d2b65346776801bf206a
      size: 4216
    - path: data/features/train.csv
      md5: d2cc1befc91de0e7b757d92f18db9e6a
      size: 1081833894
  train:
    cmd: python train.py
    deps:
    - path: data/features/train.csv
      md5: d2cc1befc91de0e7b757d92f18db9e6a
      size: 1081833894
    - path: train.py
      md5: 5bd9fa95b60b116629baa92668dd1c31
      size: 496
    params:
      params.yaml:
        train.shrinkage: 0.1
    outs:
    - path: artifacts/clf.joblib
      md5: a3e264e8ccf7c9ebce1ef1b08406348b
      size: 84829
  evaluate:
    cmd: python evaluate.py
    deps:
    - path: artifacts/clf.joblib
      md5: a3e264e8ccf7c9ebce1ef1b08406348b
      size: 84829
    - path: data/features/train.csv
      md5: d2cc1befc91de0e7b757d92f18db9e6a
      size: 1081833894
    - path: evaluate.py
      md5: fdd125d5581beae329f6fb89c265f6d2
      size: 324
