schema: '2.0'
stages:
  data_split:
    cmd: python data_split.py
    deps:
    - path: data/train.csv
      md5: cc009d6ebbcb866672a81ac3a2333e92
      size: 545645113
    params:
      params.yaml:
        data_split.seed: 20170428
        data_split.test_size: 0.1
    outs:
    - path: data/test_split.csv
      md5: 31e7c68c36480fb334514a3276a66ab3
      size: 54566056
    - path: data/train_split.csv
      md5: 8f55c2ac6d879a962fe839dd4e8a0250
      size: 491081735
  normalize:
    cmd: python normalize.py
    deps:
    - path: data/train_split.csv
      md5: 8f55c2ac6d879a962fe839dd4e8a0250
      size: 491081735
    outs:
    - path: artifacts/scaler.joblib
      md5: 0d6bb4f01a11d2b65346776801bf206a
      size: 4216
    - path: data/features/train.csv
      md5: 20bdf597fccbd5d466777a4eecafcfe3
      size: 1080753887
