schema: '2.0'
stages:
  data_split:
    cmd: python data_split.py
    deps:
    - path: data/train.csv
      md5: cc009d6ebbcb866672a81ac3a2333e92
      size: 545645113
    - path: data_split.py
      md5: 34ce044d1974b153effcb8fdc2830770
      size: 444
    params:
      params.yaml:
        data_split.seed: 20170428
        data_split.test_size: 0.1
    outs:
    - path: data/test_split.csv
      md5: 31e7c68c36480fb334514a3276a66ab3
      size: 54566056
    - path: data/train_split.csv
      md5: 8f55c2ac6d879a962fe839dd4e8a0250
      size: 491081735
  normalize:
    cmd: python normalize.py
    deps:
    - path: data/train_split.csv
      md5: 8f55c2ac6d879a962fe839dd4e8a0250
      size: 491081735
    - path: normalize.py
      md5: 3bc94fd639d6902d09246bebf69c5043
      size: 844
    outs:
    - path: artifacts/scaler.joblib
      md5: 6af5e9e85a1e9b7373ccb7405494173d
      size: 2937
    - path: data/features/test.csv
      md5: 7ffa9edc82c661dc63d837fc6f6afa43
      size: 120147083
    - path: data/features/train.csv
      md5: d2cc1befc91de0e7b757d92f18db9e6a
      size: 1081833894
  train:
    cmd: python train.py
    deps:
    - path: data/features/train.csv
      md5: d2cc1befc91de0e7b757d92f18db9e6a
      size: 1081833894
    - path: train.py
      md5: 5bd9fa95b60b116629baa92668dd1c31
      size: 496
    params:
      params.yaml:
        train.shrinkage: 0
    outs:
    - path: artifacts/clf.joblib
      md5: a321e73539ee9b4f27bf7c8ea6a610e3
      size: 84822
  evaluate:
    cmd: python evaluate.py
    deps:
    - path: artifacts/clf.joblib
      md5: a321e73539ee9b4f27bf7c8ea6a610e3
      size: 84822
    - path: data/features/test.csv
      md5: 7ffa9edc82c661dc63d837fc6f6afa43
      size: 120147083
    - path: data/features/train.csv
      md5: d2cc1befc91de0e7b757d92f18db9e6a
      size: 1081833894
    - path: evaluate.py
      md5: 0e2c766448e21eef61d6839950489dfd
      size: 435
